
Microsoft Visual Studio Solution File, Format Version 12.00
# Visual Studio Version 17
VisualStudioVersion = 17.11.35312.102
MinimumVisualStudioVersion = 10.0.40219.1
Project("{FAE04EC0-301F-11D3-BF4B-00C04F79EFBC}") = "ApiAggregatorService", "ApiAggregatorService\ApiAggregatorService.csproj", "{ADC1AFD7-B834-4705-9CAA-46B68CEABB10}"
EndProject
Global
	GlobalSection(SolutionConfigurationPlatforms) = preSolution
		Debug|Any CPU = Debug|Any CPU
		Release|Any CPU = Release|Any CPU
	EndGlobalSection
	GlobalSection(ProjectConfigurationPlatforms) = postSolution
		{ADC1AFD7-B834-4705-9CAA-46B68CEABB10}.Debug|Any CPU.ActiveCfg = Debug|Any CPU
		{ADC1AFD7-B834-4705-9CAA-46B68CEABB10}.Debug|Any CPU.Build.0 = Debug|Any CPU
		{ADC1AFD7-B834-4705-9CAA-46B68CEABB10}.Release|Any CPU.ActiveCfg = Release|Any CPU
		{ADC1AFD7-B834-4705-9CAA-46B68CEABB10}.Release|Any CPU.Build.0 = Release|Any CPU
	EndGlobalSection
	GlobalSection(SolutionProperties) = preSolution
		HideSolutionNode = FALSE
	EndGlobalSection
	GlobalSection(ExtensibilityGlobals) = postSolution
		SolutionGuid = {35996C65-99A7-4659-A2B5-0009EAC3C368}
	EndGlobalSection
EndGlobal
